
Microsoft Visual Studio Solution File, Format Version 12.00
# Visual Studio 2013
VisualStudioVersion = 12.0.31101.0
MinimumVisualStudioVersion = 10.0.40219.1
Project("{8BC9CEB8-8B4A-11D0-8D11-00A0C91BC942}") = "code10_2", "code10_2.vcxproj", "{B49AF1DC-1E5D-4C29-A62A-C04A44B37875}"
EndProject
Global
	GlobalSection(SolutionConfigurationPlatforms) = preSolution
		Debug|Win32 = Debug|Win32
		Release|Win32 = Release|Win32
	EndGlobalSection
	GlobalSection(ProjectConfigurationPlatforms) = postSolution
		{B49AF1DC-1E5D-4C29-A62A-C04A44B37875}.Debug|Win32.ActiveCfg = Debug|Win32
		{B49AF1DC-1E5D-4C29-A62A-C04A44B37875}.Debug|Win32.Build.0 = Debug|Win32
		{B49AF1DC-1E5D-4C29-A62A-C04A44B37875}.Release|Win32.ActiveCfg = Release|Win32
		{B49AF1DC-1E5D-4C29-A62A-C04A44B37875}.Release|Win32.Build.0 = Release|Win32
	EndGlobalSection
	GlobalSection(SolutionProperties) = preSolution
		HideSolutionNode = FALSE
	EndGlobalSection
EndGlobal
